
Microsoft Visual Studio Solution File, Format Version 12.00
# Visual Studio Version 17
VisualStudioVersion = 17.7.34031.279
MinimumVisualStudioVersion = 10.0.40219.1
Project("{FAE04EC0-301F-11D3-BF4B-00C04F79EFBC}") = "NitroPatcher", "NitroPatcher\NitroPatcher.csproj", "{E6A99CD5-696C-44D9-9AB6-7518A4B96670}"
EndProject
Project("{9A19103F-16F7-4668-BE54-9A1E7A4F7556}") = "NitroHelper", "NitroHelper\NitroHelper.csproj", "{6A4C6090-B46E-441A-A152-987E7FDF8412}"
EndProject
Project("{9A19103F-16F7-4668-BE54-9A1E7A4F7556}") = "NitroPatchHelper", "NitroPatchHelper\NitroPatchHelper.csproj", "{E6ABC8C5-CC7E-41A9-B05B-8311DEF4AE44}"
EndProject
Project("{9A19103F-16F7-4668-BE54-9A1E7A4F7556}") = "NitroPatcherMaui", "NitroPatcherMaui\NitroPatcherMaui.csproj", "{2688E45C-C545-431B-B5EE-1150555BB17B}"
EndProject
Project("{FAE04EC0-301F-11D3-BF4B-00C04F79EFBC}") = "NitroPatcherCli", "NitroPatcherCli\NitroPatcherCli.csproj", "{ED1DBD46-003B-40DF-93A4-14ABBE5B91A0}"
EndProject
Global
	GlobalSection(SolutionConfigurationPlatforms) = preSolution
		Debug|Any CPU = Debug|Any CPU
		Release|Any CPU = Release|Any CPU
	EndGlobalSection
	GlobalSection(ProjectConfigurationPlatforms) = postSolution
		{E6A99CD5-696C-44D9-9AB6-7518A4B96670}.Debug|Any CPU.ActiveCfg = Debug|Any CPU
		{E6A99CD5-696C-44D9-9AB6-7518A4B96670}.Debug|Any CPU.Build.0 = Debug|Any CPU
		{E6A99CD5-696C-44D9-9AB6-7518A4B96670}.Release|Any CPU.ActiveCfg = Release|Any CPU
		{E6A99CD5-696C-44D9-9AB6-7518A4B96670}.Release|Any CPU.Build.0 = Release|Any CPU
		{6A4C6090-B46E-441A-A152-987E7FDF8412}.Debug|Any CPU.ActiveCfg = Debug|Any CPU
		{6A4C6090-B46E-441A-A152-987E7FDF8412}.Debug|Any CPU.Build.0 = Debug|Any CPU
		{6A4C6090-B46E-441A-A152-987E7FDF8412}.Release|Any CPU.ActiveCfg = Release|Any CPU
		{6A4C6090-B46E-441A-A152-987E7FDF8412}.Release|Any CPU.Build.0 = Release|Any CPU
		{E6ABC8C5-CC7E-41A9-B05B-8311DEF4AE44}.Debug|Any CPU.ActiveCfg = Debug|Any CPU
		{E6ABC8C5-CC7E-41A9-B05B-8311DEF4AE44}.Debug|Any CPU.Build.0 = Debug|Any CPU
		{E6ABC8C5-CC7E-41A9-B05B-8311DEF4AE44}.Release|Any CPU.ActiveCfg = Release|Any CPU
		{E6ABC8C5-CC7E-41A9-B05B-8311DEF4AE44}.Release|Any CPU.Build.0 = Release|Any CPU
		{2688E45C-C545-431B-B5EE-1150555BB17B}.Debug|Any CPU.ActiveCfg = Debug|Any CPU
		{2688E45C-C545-431B-B5EE-1150555BB17B}.Debug|Any CPU.Build.0 = Debug|Any CPU
		{2688E45C-C545-431B-B5EE-1150555BB17B}.Debug|Any CPU.Deploy.0 = Debug|Any CPU
		{2688E45C-C545-431B-B5EE-1150555BB17B}.Release|Any CPU.ActiveCfg = Release|Any CPU
		{2688E45C-C545-431B-B5EE-1150555BB17B}.Release|Any CPU.Build.0 = Release|Any CPU
		{2688E45C-C545-431B-B5EE-1150555BB17B}.Release|Any CPU.Deploy.0 = Release|Any CPU
		{ED1DBD46-003B-40DF-93A4-14ABBE5B91A0}.Debug|Any CPU.ActiveCfg = Debug|Any CPU
		{ED1DBD46-003B-40DF-93A4-14ABBE5B91A0}.Debug|Any CPU.Build.0 = Debug|Any CPU
		{ED1DBD46-003B-40DF-93A4-14ABBE5B91A0}.Release|Any CPU.ActiveCfg = Release|Any CPU
		{ED1DBD46-003B-40DF-93A4-14ABBE5B91A0}.Release|Any CPU.Build.0 = Release|Any CPU
	EndGlobalSection
	GlobalSection(SolutionProperties) = preSolution
		HideSolutionNode = FALSE
	EndGlobalSection
	GlobalSection(ExtensibilityGlobals) = postSolution
		SolutionGuid = {BCAC52A1-C072-4AA6-B021-81CDCBC4CCDB}
	EndGlobalSection
EndGlobal
